
Microsoft Visual Studio Solution File, Format Version 12.00
# Visual Studio Version 16
VisualStudioVersion = 16.0.29709.97
MinimumVisualStudioVersion = 10.0.40219.1
Project("{FAE04EC0-301F-11D3-BF4B-00C04F79EFBC}") = "Airbus_Reservation_Form", "Airbus Reservation Form\Airbus_Reservation_Form.csproj", "{881D9CBE-B409-4C73-B13E-7EDB0AE7A743}"
EndProject
Global
	GlobalSection(SolutionConfigurationPlatforms) = preSolution
		Debug|Any CPU = Debug|Any CPU
		Release|Any CPU = Release|Any CPU
	EndGlobalSection
	GlobalSection(ProjectConfigurationPlatforms) = postSolution
		{881D9CBE-B409-4C73-B13E-7EDB0AE7A743}.Debug|Any CPU.ActiveCfg = Debug|Any CPU
		{881D9CBE-B409-4C73-B13E-7EDB0AE7A743}.Debug|Any CPU.Build.0 = Debug|Any CPU
		{881D9CBE-B409-4C73-B13E-7EDB0AE7A743}.Release|Any CPU.ActiveCfg = Release|Any CPU
		{881D9CBE-B409-4C73-B13E-7EDB0AE7A743}.Release|Any CPU.Build.0 = Release|Any CPU
	EndGlobalSection
	GlobalSection(SolutionProperties) = preSolution
		HideSolutionNode = FALSE
	EndGlobalSection
	GlobalSection(ExtensibilityGlobals) = postSolution
		SolutionGuid = {AF73F67A-F6E1-47D9-B013-975C47AE50B9}
	EndGlobalSection
EndGlobal
